
Microsoft Visual Studio Solution File, Format Version 12.00
# Visual Studio Version 16
VisualStudioVersion = 16.0.31205.134
MinimumVisualStudioVersion = 10.0.40219.1
Project("{FAE04EC0-301F-11D3-BF4B-00C04F79EFBC}") = "RockyProject", "RockyProject.csproj", "{52E206B8-4DF3-4ACF-B78C-FBD24CD7B1AE}"
EndProject
Global
	GlobalSection(SolutionConfigurationPlatforms) = preSolution
		Debug|Any CPU = Debug|Any CPU
		Release|Any CPU = Release|Any CPU
	EndGlobalSection
	GlobalSection(ProjectConfigurationPlatforms) = postSolution
		{52E206B8-4DF3-4ACF-B78C-FBD24CD7B1AE}.Debug|Any CPU.ActiveCfg = Debug|Any CPU
		{52E206B8-4DF3-4ACF-B78C-FBD24CD7B1AE}.Debug|Any CPU.Build.0 = Debug|Any CPU
		{52E206B8-4DF3-4ACF-B78C-FBD24CD7B1AE}.Release|Any CPU.ActiveCfg = Release|Any CPU
		{52E206B8-4DF3-4ACF-B78C-FBD24CD7B1AE}.Release|Any CPU.Build.0 = Release|Any CPU
	EndGlobalSection
	GlobalSection(SolutionProperties) = preSolution
		HideSolutionNode = FALSE
	EndGlobalSection
	GlobalSection(ExtensibilityGlobals) = postSolution
		SolutionGuid = {A768452D-6587-44E5-AA63-7EE6D22E49D4}
	EndGlobalSection
EndGlobal
